<Solution>
  <Folder Name="/docs/">
    <File Path="docs/ARCHITECTURE.md" />
    <File Path="docs/CLAIM-MODEL.md" />
    <File Path="docs/MOTIVATION.md" />
    <File Path="docs/POC-STATUS.md" />
    <File Path="docs/PRIOR-ART.md" />
    <File Path="docs/REFERENCES.md" />
    <File Path="docs/ROADMAP.md" />
    <File Path="docs/STANDARDS-MAPPING.md" />
    <File Path="docs/TRUST-POLICIES.md" />
  </Folder>
  <Folder Name="/Elementi di soluzione/">
    <File Path=".gitignore" />
    <File Path="Contributing.md" />
    <File Path="LICENSE" />
    <File Path="Readme.md" />
    <File Path="Security.md" />
  </Folder>
  <Folder Name="/src/">
    <Project Path="src/TraceClaim.Adapters.OpenVex/TraceClaim.Adapters.OpenVex.csproj" Id="0a9cfa43-6a48-4c66-b8b1-c4dfb683188e" />
    <Project Path="src/TraceClaim.Adapters.Osv/TraceClaim.Adapters.Osv.csproj" Id="0b59b987-dcfe-49b0-8060-315639e53217" />
    <Project Path="src/TraceClaim.Core/TraceClaim.Core.csproj" Id="9cdd4576-ed93-45a9-9107-774d2b722ef8" />
  </Folder>
  <Folder Name="/tests/">
    <Project Path="TraceClaim.Adapters.OpenVex.Tests/TraceClaim.Adapters.OpenVex.Tests.csproj" Id="6ef7d401-d55e-470d-b149-7c59b0413531" />
    <Project Path="TraceClaim.Adapters.Osv.Tests/TraceClaim.Adapters.Osv.Tests.csproj" Id="4888e8f4-0971-45e5-a24f-b2bd63825f63" />
    <Project Path="TraceClaim.Core.Tests/TraceClaim.Core.Tests.csproj" Id="c69f4b4b-aedf-411a-a641-3193d8ee95e4" />
  </Folder>
</Solution>
