<Solution>
  <Folder Name="/Elementi di soluzione/">
    <File Path=".gitignore" />
    <File Path="LICENSE" />
    <File Path="README.md" />
  </Folder>
  <Folder Name="/src/">
    <Project Path="src/TraceClaim.Core/TraceClaim.Core.csproj" Id="9cdd4576-ed93-45a9-9107-774d2b722ef8" />
  </Folder>
  <Project Path="TraceClaim.Core.Tests/TraceClaim.Core.Tests.csproj" Id="c69f4b4b-aedf-411a-a641-3193d8ee95e4" />
</Solution>
